# THIS IS AN AUTOGENERATED FILE. DO NOT EDIT THIS FILE DIRECTLY.
# yarn lockfile v1


"@types/node@*":
  version "10.3.3"
  resolved "https://registry.yarnpkg.com/@types/node/-/node-10.3.3.tgz#8798d9e39af2fa604f715ee6a6b19796528e46c3"

image-ssim@^0.2.0:
  version "0.2.0"
  resolved "https://registry.yarnpkg.com/image-ssim/-/image-ssim-0.2.0.tgz#83b42c7a2e6e4b85505477fe6917f5dbc56420e5"

jpeg-js@^0.1.2:
  version "0.1.2"
  resolved "https://registry.yarnpkg.com/jpeg-js/-/jpeg-js-0.1.2.tgz#135b992c0575c985cfa0f494a3227ed238583ece"
